
Microsoft Visual Studio Solution File, Format Version 12.00
# Visual Studio Version 16
VisualStudioVersion = 16.0.31911.196
MinimumVisualStudioVersion = 10.0.40219.1
Project("{9A19103F-16F7-4668-BE54-9A1E7A4F7556}") = "SGSP", "SGSP.csproj", "{2C258FA1-3018-4F86-A157-ED1232C74788}"
EndProject
Project("{9A19103F-16F7-4668-BE54-9A1E7A4F7556}") = "Report.Data", "..\Report.Data\Report.Data.csproj", "{A89B6342-C866-4B16-A582-775743C6A79D}"
EndProject
Global
	GlobalSection(SolutionConfigurationPlatforms) = preSolution
		Debug|Any CPU = Debug|Any CPU
		Release|Any CPU = Release|Any CPU
	EndGlobalSection
	GlobalSection(ProjectConfigurationPlatforms) = postSolution
		{2C258FA1-3018-4F86-A157-ED1232C74788}.Debug|Any CPU.ActiveCfg = Debug|Any CPU
		{2C258FA1-3018-4F86-A157-ED1232C74788}.Debug|Any CPU.Build.0 = Debug|Any CPU
		{2C258FA1-3018-4F86-A157-ED1232C74788}.Release|Any CPU.ActiveCfg = Release|Any CPU
		{2C258FA1-3018-4F86-A157-ED1232C74788}.Release|Any CPU.Build.0 = Release|Any CPU
		{A89B6342-C866-4B16-A582-775743C6A79D}.Debug|Any CPU.ActiveCfg = Debug|Any CPU
		{A89B6342-C866-4B16-A582-775743C6A79D}.Debug|Any CPU.Build.0 = Debug|Any CPU
		{A89B6342-C866-4B16-A582-775743C6A79D}.Release|Any CPU.ActiveCfg = Release|Any CPU
		{A89B6342-C866-4B16-A582-775743C6A79D}.Release|Any CPU.Build.0 = Release|Any CPU
	EndGlobalSection
	GlobalSection(SolutionProperties) = preSolution
		HideSolutionNode = FALSE
	EndGlobalSection
	GlobalSection(ExtensibilityGlobals) = postSolution
		SolutionGuid = {DE08056A-1F3F-4BA7-885B-2A68FB06A730}
	EndGlobalSection
EndGlobal
